{
  "name": "term-project-afloru1-hdalton-jmanass1-jomukaga-rmuthuk1",
  "lockfileVersion": 2,
  "requires": true,
  "packages": {
    "": {
      "dependencies": {
        "vexflow": "^4.0.2"
      }
    },
    "node_modules/vexflow": {
      "version": "4.0.2",
      "resolved": "https://registry.npmjs.org/vexflow/-/vexflow-4.0.2.tgz",
      "integrity": "sha512-zRxkCYeuWdTUk0eBUIjKQX9pIsHMV1+k0pk1oLah/X+aRbRxCgO9BqG22ItHC3WsSnQkmlz474pABvOjrUZpig=="
    }
  },
  "dependencies": {
    "vexflow": {
      "version": "4.0.2",
      "resolved": "https://registry.npmjs.org/vexflow/-/vexflow-4.0.2.tgz",
      "integrity": "sha512-zRxkCYeuWdTUk0eBUIjKQX9pIsHMV1+k0pk1oLah/X+aRbRxCgO9BqG22ItHC3WsSnQkmlz474pABvOjrUZpig=="
    }
  }
}
